
Microsoft Visual Studio Solution File, Format Version 12.00
# Visual Studio Version 17
VisualStudioVersion = 17.11.35312.102
MinimumVisualStudioVersion = 10.0.40219.1
Project("{FAE04EC0-301F-11D3-BF4B-00C04F79EFBC}") = "GroupBudget_WPF", "GroupBudget_WPF\GroupBudget_WPF.csproj", "{B2C05473-163D-4341-8893-CC0A4EC61CE1}"
EndProject
Global
	GlobalSection(SolutionConfigurationPlatforms) = preSolution
		Debug|Any CPU = Debug|Any CPU
		Release|Any CPU = Release|Any CPU
	EndGlobalSection
	GlobalSection(ProjectConfigurationPlatforms) = postSolution
		{B2C05473-163D-4341-8893-CC0A4EC61CE1}.Debug|Any CPU.ActiveCfg = Debug|Any CPU
		{B2C05473-163D-4341-8893-CC0A4EC61CE1}.Debug|Any CPU.Build.0 = Debug|Any CPU
		{B2C05473-163D-4341-8893-CC0A4EC61CE1}.Release|Any CPU.ActiveCfg = Release|Any CPU
		{B2C05473-163D-4341-8893-CC0A4EC61CE1}.Release|Any CPU.Build.0 = Release|Any CPU
	EndGlobalSection
	GlobalSection(SolutionProperties) = preSolution
		HideSolutionNode = FALSE
	EndGlobalSection
	GlobalSection(ExtensibilityGlobals) = postSolution
		SolutionGuid = {98419204-6E58-49DA-A939-7C8FDA41AF49}
	EndGlobalSection
EndGlobal
